
Microsoft Visual Studio Solution File, Format Version 12.00
# Visual Studio Version 16
VisualStudioVersion = 16.0.810.17
MinimumVisualStudioVersion = 10.0.40219.1
Project("{FAE04EC0-301F-11D3-BF4B-00C04F79EFBC}") = "Lesson_5.1", "Lesson_5.1\Lesson_5.1.csproj", "{B0BAF3EA-A126-4D1A-A97B-8DDBEAB326BC}"
EndProject
Global
	GlobalSection(SolutionConfigurationPlatforms) = preSolution
		Debug|anycpu = Debug|anycpu
		Release|anycpu = Release|anycpu
	EndGlobalSection
	GlobalSection(ProjectConfigurationPlatforms) = postSolution
		{B0BAF3EA-A126-4D1A-A97B-8DDBEAB326BC}.Debug|anycpu.ActiveCfg = Debug|anycpu
		{B0BAF3EA-A126-4D1A-A97B-8DDBEAB326BC}.Debug|anycpu.Build.0 = Debug|anycpu
		{B0BAF3EA-A126-4D1A-A97B-8DDBEAB326BC}.Release|anycpu.ActiveCfg = Release|anycpu
		{B0BAF3EA-A126-4D1A-A97B-8DDBEAB326BC}.Release|anycpu.Build.0 = Release|anycpu
	EndGlobalSection
	GlobalSection(SolutionProperties) = preSolution
		HideSolutionNode = FALSE
	EndGlobalSection
	GlobalSection(ExtensibilityGlobals) = postSolution
		SolutionGuid = {DF552BA1-B575-497D-8E7A-20B608615CAD}
	EndGlobalSection
EndGlobal
